
Microsoft Visual Studio Solution File, Format Version 12.00
# Visual Studio 14
VisualStudioVersion = 14.0.25420.1
MinimumVisualStudioVersion = 10.0.40219.1
Project("{FAE04EC0-301F-11D3-BF4B-00C04F79EFBC}") = "MarsCitizens", "MarsCitizens\MarsCitizens\MarsCitizens.csproj", "{2B816785-7844-4299-99C5-A463D13AD1D6}"
EndProject
Project("{FAE04EC0-301F-11D3-BF4B-00C04F79EFBC}") = "MarsCitizens.Droid", "MarsCitizens\MarsCitizens.Droid\MarsCitizens.Droid.csproj", "{ACB4FE54-27C3-44B7-B575-463A2C879BB8}"
EndProject
Project("{FAE04EC0-301F-11D3-BF4B-00C04F79EFBC}") = "MarsCitizens.iOS", "MarsCitizens\MarsCitizens.iOS\MarsCitizens.iOS.csproj", "{D13472CE-00A0-4B4D-8220-1C39318CF9B6}"
EndProject
Project("{FAE04EC0-301F-11D3-BF4B-00C04F79EFBC}") = "MarsCitizens.WinPhone", "MarsCitizens\MarsCitizens.WinPhone\MarsCitizens.WinPhone.csproj", "{BF82CA0F-38EE-487B-A2DA-1D0180AFCB58}"
EndProject
Project("{FAE04EC0-301F-11D3-BF4B-00C04F79EFBC}") = "MarsCitizens.UWP", "MarsCitizens\MarsCitizens.UWP\MarsCitizens.UWP.csproj", "{9922BE2D-2537-4F33-BEEA-F4C9240EE965}"
EndProject
Project("{FAE04EC0-301F-11D3-BF4B-00C04F79EFBC}") = "MarsCitizens.Windows", "MarsCitizens\MarsCitizens.Windows\MarsCitizens.Windows.csproj", "{0CCC0CA0-6F0E-4E10-9885-F192FE7E40D8}"
EndProject
Global
	GlobalSection(SolutionConfigurationPlatforms) = preSolution
		Ad-Hoc|Any CPU = Ad-Hoc|Any CPU
		Ad-Hoc|ARM = Ad-Hoc|ARM
		Ad-Hoc|iPhone = Ad-Hoc|iPhone
		Ad-Hoc|iPhoneSimulator = Ad-Hoc|iPhoneSimulator
		Ad-Hoc|x64 = Ad-Hoc|x64
		Ad-Hoc|x86 = Ad-Hoc|x86
		AppStore|Any CPU = AppStore|Any CPU
		AppStore|ARM = AppStore|ARM
		AppStore|iPhone = AppStore|iPhone
		AppStore|iPhoneSimulator = AppStore|iPhoneSimulator
		AppStore|x64 = AppStore|x64
		AppStore|x86 = AppStore|x86
		Debug|Any CPU = Debug|Any CPU
		Debug|ARM = Debug|ARM
		Debug|iPhone = Debug|iPhone
		Debug|iPhoneSimulator = Debug|iPhoneSimulator
		Debug|x64 = Debug|x64
		Debug|x86 = Debug|x86
		Release|Any CPU = Release|Any CPU
		Release|ARM = Release|ARM
		Release|iPhone = Release|iPhone
		Release|iPhoneSimulator = Release|iPhoneSimulator
		Release|x64 = Release|x64
		Release|x86 = Release|x86
	EndGlobalSection
	GlobalSection(ProjectConfigurationPlatforms) = postSolution
		{2B816785-7844-4299-99C5-A463D13AD1D6}.Ad-Hoc|Any CPU.ActiveCfg = Release|Any CPU
		{2B816785-7844-4299-99C5-A463D13AD1D6}.Ad-Hoc|Any CPU.Build.0 = Release|Any CPU
		{2B816785-7844-4299-99C5-A463D13AD1D6}.Ad-Hoc|ARM.ActiveCfg = Release|Any CPU
		{2B816785-7844-4299-99C5-A463D13AD1D6}.Ad-Hoc|ARM.Build.0 = Release|Any CPU
		{2B816785-7844-4299-99C5-A463D13AD1D6}.Ad-Hoc|iPhone.ActiveCfg = Release|Any CPU
		{2B816785-7844-4299-99C5-A463D13AD1D6}.Ad-Hoc|iPhone.Build.0 = Release|Any CPU
		{2B816785-7844-4299-99C5-A463D13AD1D6}.Ad-Hoc|iPhoneSimulator.ActiveCfg = Release|Any CPU
		{2B816785-7844-4299-99C5-A463D13AD1D6}.Ad-Hoc|iPhoneSimulator.Build.0 = Release|Any CPU
		{2B816785-7844-4299-99C5-A463D13AD1D6}.Ad-Hoc|x64.ActiveCfg = Release|Any CPU
		{2B816785-7844-4299-99C5-A463D13AD1D6}.Ad-Hoc|x64.Build.0 = Release|Any CPU
		{2B816785-7844-4299-99C5-A463D13AD1D6}.Ad-Hoc|x86.ActiveCfg = Release|Any CPU
		{2B816785-7844-4299-99C5-A463D13AD1D6}.Ad-Hoc|x86.Build.0 = Release|Any CPU
		{2B816785-7844-4299-99C5-A463D13AD1D6}.AppStore|Any CPU.ActiveCfg = Release|Any CPU
		{2B816785-7844-4299-99C5-A463D13AD1D6}.AppStore|Any CPU.Build.0 = Release|Any CPU
		{2B816785-7844-4299-99C5-A463D13AD1D6}.AppStore|ARM.ActiveCfg = Release|Any CPU
		{2B816785-7844-4299-99C5-A463D13AD1D6}.AppStore|ARM.Build.0 = Release|Any CPU
		{2B816785-7844-4299-99C5-A463D13AD1D6}.AppStore|iPhone.ActiveCfg = Release|Any CPU
		{2B816785-7844-4299-99C5-A463D13AD1D6}.AppStore|iPhone.Build.0 = Release|Any CPU
		{2B816785-7844-4299-99C5-A463D13AD1D6}.AppStore|iPhoneSimulator.ActiveCfg = Release|Any CPU
		{2B816785-7844-4299-99C5-A463D13AD1D6}.AppStore|iPhoneSimulator.Build.0 = Release|Any CPU
		{2B816785-7844-4299-99C5-A463D13AD1D6}.AppStore|x64.ActiveCfg = Release|Any CPU
		{2B816785-7844-4299-99C5-A463D13AD1D6}.AppStore|x64.Build.0 = Release|Any CPU
		{2B816785-7844-4299-99C5-A463D13AD1D6}.AppStore|x86.ActiveCfg = Release|Any CPU
		{2B816785-7844-4299-99C5-A463D13AD1D6}.AppStore|x86.Build.0 = Release|Any CPU
		{2B816785-7844-4299-99C5-A463D13AD1D6}.Debug|Any CPU.ActiveCfg = Debug|Any CPU
		{2B816785-7844-4299-99C5-A463D13AD1D6}.Debug|Any CPU.Build.0 = Debug|Any CPU
		{2B816785-7844-4299-99C5-A463D13AD1D6}.Debug|ARM.ActiveCfg = Debug|Any CPU
		{2B816785-7844-4299-99C5-A463D13AD1D6}.Debug|ARM.Build.0 = Debug|Any CPU
		{2B816785-7844-4299-99C5-A463D13AD1D6}.Debug|iPhone.ActiveCfg = Debug|Any CPU
		{2B816785-7844-4299-99C5-A463D13AD1D6}.Debug|iPhone.Build.0 = Debug|Any CPU
		{2B816785-7844-4299-99C5-A463D13AD1D6}.Debug|iPhoneSimulator.ActiveCfg = Debug|Any CPU
		{2B816785-7844-4299-99C5-A463D13AD1D6}.Debug|iPhoneSimulator.Build.0 = Debug|Any CPU
		{2B816785-7844-4299-99C5-A463D13AD1D6}.Debug|x64.ActiveCfg = Debug|Any CPU
		{2B816785-7844-4299-99C5-A463D13AD1D6}.Debug|x64.Build.0 = Debug|Any CPU
		{2B816785-7844-4299-99C5-A463D13AD1D6}.Debug|x86.ActiveCfg = Debug|Any CPU
		{2B816785-7844-4299-99C5-A463D13AD1D6}.Debug|x86.Build.0 = Debug|Any CPU
		{2B816785-7844-4299-99C5-A463D13AD1D6}.Release|Any CPU.ActiveCfg = Release|Any CPU
		{2B816785-7844-4299-99C5-A463D13AD1D6}.Release|Any CPU.Build.0 = Release|Any CPU
		{2B816785-7844-4299-99C5-A463D13AD1D6}.Release|ARM.ActiveCfg = Release|Any CPU
		{2B816785-7844-4299-99C5-A463D13AD1D6}.Release|ARM.Build.0 = Release|Any CPU
		{2B816785-7844-4299-99C5-A463D13AD1D6}.Release|iPhone.ActiveCfg = Release|Any CPU
		{2B816785-7844-4299-99C5-A463D13AD1D6}.Release|iPhone.Build.0 = Release|Any CPU
		{2B816785-7844-4299-99C5-A463D13AD1D6}.Release|iPhoneSimulator.ActiveCfg = Release|Any CPU
		{2B816785-7844-4299-99C5-A463D13AD1D6}.Release|iPhoneSimulator.Build.0 = Release|Any CPU
		{2B816785-7844-4299-99C5-A463D13AD1D6}.Release|x64.ActiveCfg = Release|Any CPU
		{2B816785-7844-4299-99C5-A463D13AD1D6}.Release|x64.Build.0 = Release|Any CPU
		{2B816785-7844-4299-99C5-A463D13AD1D6}.Release|x86.ActiveCfg = Release|Any CPU
		{2B816785-7844-4299-99C5-A463D13AD1D6}.Release|x86.Build.0 = Release|Any CPU
		{ACB4FE54-27C3-44B7-B575-463A2C879BB8}.Ad-Hoc|Any CPU.ActiveCfg = Release|Any CPU
		{ACB4FE54-27C3-44B7-B575-463A2C879BB8}.Ad-Hoc|Any CPU.Build.0 = Release|Any CPU
		{ACB4FE54-27C3-44B7-B575-463A2C879BB8}.Ad-Hoc|Any CPU.Deploy.0 = Release|Any CPU
		{ACB4FE54-27C3-44B7-B575-463A2C879BB8}.Ad-Hoc|ARM.ActiveCfg = Release|Any CPU
		{ACB4FE54-27C3-44B7-B575-463A2C879BB8}.Ad-Hoc|ARM.Build.0 = Release|Any CPU
		{ACB4FE54-27C3-44B7-B575-463A2C879BB8}.Ad-Hoc|ARM.Deploy.0 = Release|Any CPU
		{ACB4FE54-27C3-44B7-B575-463A2C879BB8}.Ad-Hoc|iPhone.ActiveCfg = Release|Any CPU
		{ACB4FE54-27C3-44B7-B575-463A2C879BB8}.Ad-Hoc|iPhone.Build.0 = Release|Any CPU
		{ACB4FE54-27C3-44B7-B575-463A2C879BB8}.Ad-Hoc|iPhone.Deploy.0 = Release|Any CPU
		{ACB4FE54-27C3-44B7-B575-463A2C879BB8}.Ad-Hoc|iPhoneSimulator.ActiveCfg = Release|Any CPU
		{ACB4FE54-27C3-44B7-B575-463A2C879BB8}.Ad-Hoc|iPhoneSimulator.Build.0 = Release|Any CPU
		{ACB4FE54-27C3-44B7-B575-463A2C879BB8}.Ad-Hoc|iPhoneSimulator.Deploy.0 = Release|Any CPU
		{ACB4FE54-27C3-44B7-B575-463A2C879BB8}.Ad-Hoc|x64.ActiveCfg = Release|Any CPU
		{ACB4FE54-27C3-44B7-B575-463A2C879BB8}.Ad-Hoc|x64.Build.0 = Release|Any CPU
		{ACB4FE54-27C3-44B7-B575-463A2C879BB8}.Ad-Hoc|x64.Deploy.0 = Release|Any CPU
		{ACB4FE54-27C3-44B7-B575-463A2C879BB8}.Ad-Hoc|x86.ActiveCfg = Release|Any CPU
		{ACB4FE54-27C3-44B7-B575-463A2C879BB8}.Ad-Hoc|x86.Build.0 = Release|Any CPU
		{ACB4FE54-27C3-44B7-B575-463A2C879BB8}.Ad-Hoc|x86.Deploy.0 = Release|Any CPU
		{ACB4FE54-27C3-44B7-B575-463A2C879BB8}.AppStore|Any CPU.ActiveCfg = Release|Any CPU
		{ACB4FE54-27C3-44B7-B575-463A2C879BB8}.AppStore|Any CPU.Build.0 = Release|Any CPU
		{ACB4FE54-27C3-44B7-B575-463A2C879BB8}.AppStore|Any CPU.Deploy.0 = Release|Any CPU
		{ACB4FE54-27C3-44B7-B575-463A2C879BB8}.AppStore|ARM.ActiveCfg = Release|Any CPU
		{ACB4FE54-27C3-44B7-B575-463A2C879BB8}.AppStore|ARM.Build.0 = Release|Any CPU
		{ACB4FE54-27C3-44B7-B575-463A2C879BB8}.AppStore|ARM.Deploy.0 = Release|Any CPU
		{ACB4FE54-27C3-44B7-B575-463A2C879BB8}.AppStore|iPhone.ActiveCfg = Release|Any CPU
		{ACB4FE54-27C3-44B7-B575-463A2C879BB8}.AppStore|iPhone.Build.0 = Release|Any CPU
		{ACB4FE54-27C3-44B7-B575-463A2C879BB8}.AppStore|iPhone.Deploy.0 = Release|Any CPU
		{ACB4FE54-27C3-44B7-B575-463A2C879BB8}.AppStore|iPhoneSimulator.ActiveCfg = Release|Any CPU
		{ACB4FE54-27C3-44B7-B575-463A2C879BB8}.AppStore|iPhoneSimulator.Build.0 = Release|Any CPU
		{ACB4FE54-27C3-44B7-B575-463A2C879BB8}.AppStore|iPhoneSimulator.Deploy.0 = Release|Any CPU
		{ACB4FE54-27C3-44B7-B575-463A2C879BB8}.AppStore|x64.ActiveCfg = Release|Any CPU
		{ACB4FE54-27C3-44B7-B575-463A2C879BB8}.AppStore|x64.Build.0 = Release|Any CPU
		{ACB4FE54-27C3-44B7-B575-463A2C879BB8}.AppStore|x64.Deploy.0 = Release|Any CPU
		{ACB4FE54-27C3-44B7-B575-463A2C879BB8}.AppStore|x86.ActiveCfg = Release|Any CPU
		{ACB4FE54-27C3-44B7-B575-463A2C879BB8}.AppStore|x86.Build.0 = Release|Any CPU
		{ACB4FE54-27C3-44B7-B575-463A2C879BB8}.AppStore|x86.Deploy.0 = Release|Any CPU
		{ACB4FE54-27C3-44B7-B575-463A2C879BB8}.Debug|Any CPU.ActiveCfg = Debug|Any CPU
		{ACB4FE54-27C3-44B7-B575-463A2C879BB8}.Debug|Any CPU.Build.0 = Debug|Any CPU
		{ACB4FE54-27C3-44B7-B575-463A2C879BB8}.Debug|Any CPU.Deploy.0 = Debug|Any CPU
		{ACB4FE54-27C3-44B7-B575-463A2C879BB8}.Debug|ARM.ActiveCfg = Debug|Any CPU
		{ACB4FE54-27C3-44B7-B575-463A2C879BB8}.Debug|ARM.Build.0 = Debug|Any CPU
		{ACB4FE54-27C3-44B7-B575-463A2C879BB8}.Debug|ARM.Deploy.0 = Debug|Any CPU
		{ACB4FE54-27C3-44B7-B575-463A2C879BB8}.Debug|iPhone.ActiveCfg = Debug|Any CPU
		{ACB4FE54-27C3-44B7-B575-463A2C879BB8}.Debug|iPhone.Build.0 = Debug|Any CPU
		{ACB4FE54-27C3-44B7-B575-463A2C879BB8}.Debug|iPhone.Deploy.0 = Debug|Any CPU
		{ACB4FE54-27C3-44B7-B575-463A2C879BB8}.Debug|iPhoneSimulator.ActiveCfg = Debug|Any CPU
		{ACB4FE54-27C3-44B7-B575-463A2C879BB8}.Debug|iPhoneSimulator.Build.0 = Debug|Any CPU
		{ACB4FE54-27C3-44B7-B575-463A2C879BB8}.Debug|iPhoneSimulator.Deploy.0 = Debug|Any CPU
		{ACB4FE54-27C3-44B7-B575-463A2C879BB8}.Debug|x64.ActiveCfg = Debug|Any CPU
		{ACB4FE54-27C3-44B7-B575-463A2C879BB8}.Debug|x64.Build.0 = Debug|Any CPU
		{ACB4FE54-27C3-44B7-B575-463A2C879BB8}.Debug|x64.Deploy.0 = Debug|Any CPU
		{ACB4FE54-27C3-44B7-B575-463A2C879BB8}.Debug|x86.ActiveCfg = Debug|Any CPU
		{ACB4FE54-27C3-44B7-B575-463A2C879BB8}.Debug|x86.Build.0 = Debug|Any CPU
		{ACB4FE54-27C3-44B7-B575-463A2C879BB8}.Debug|x86.Deploy.0 = Debug|Any CPU
		{ACB4FE54-27C3-44B7-B575-463A2C879BB8}.Release|Any CPU.ActiveCfg = Release|Any CPU
		{ACB4FE54-27C3-44B7-B575-463A2C879BB8}.Release|Any CPU.Build.0 = Release|Any CPU
		{ACB4FE54-27C3-44B7-B575-463A2C879BB8}.Release|Any CPU.Deploy.0 = Release|Any CPU
		{ACB4FE54-27C3-44B7-B575-463A2C879BB8}.Release|ARM.ActiveCfg = Release|Any CPU
		{ACB4FE54-27C3-44B7-B575-463A2C879BB8}.Release|ARM.Build.0 = Release|Any CPU
		{ACB4FE54-27C3-44B7-B575-463A2C879BB8}.Release|ARM.Deploy.0 = Release|Any CPU
		{ACB4FE54-27C3-44B7-B575-463A2C879BB8}.Release|iPhone.ActiveCfg = Release|Any CPU
		{ACB4FE54-27C3-44B7-B575-463A2C879BB8}.Release|iPhone.Build.0 = Release|Any CPU
		{ACB4FE54-27C3-44B7-B575-463A2C879BB8}.Release|iPhone.Deploy.0 = Release|Any CPU
		{ACB4FE54-27C3-44B7-B575-463A2C879BB8}.Release|iPhoneSimulator.ActiveCfg = Release|Any CPU
		{ACB4FE54-27C3-44B7-B575-463A2C879BB8}.Release|iPhoneSimulator.Build.0 = Release|Any CPU
		{ACB4FE54-27C3-44B7-B575-463A2C879BB8}.Release|iPhoneSimulator.Deploy.0 = Release|Any CPU
		{ACB4FE54-27C3-44B7-B575-463A2C879BB8}.Release|x64.ActiveCfg = Release|Any CPU
		{ACB4FE54-27C3-44B7-B575-463A2C879BB8}.Release|x64.Build.0 = Release|Any CPU
		{ACB4FE54-27C3-44B7-B575-463A2C879BB8}.Release|x64.Deploy.0 = Release|Any CPU
		{ACB4FE54-27C3-44B7-B575-463A2C879BB8}.Release|x86.ActiveCfg = Release|Any CPU
		{ACB4FE54-27C3-44B7-B575-463A2C879BB8}.Release|x86.Build.0 = Release|Any CPU
		{ACB4FE54-27C3-44B7-B575-463A2C879BB8}.Release|x86.Deploy.0 = Release|Any CPU
		{D13472CE-00A0-4B4D-8220-1C39318CF9B6}.Ad-Hoc|Any CPU.ActiveCfg = Ad-Hoc|iPhone
		{D13472CE-00A0-4B4D-8220-1C39318CF9B6}.Ad-Hoc|ARM.ActiveCfg = Ad-Hoc|iPhone
		{D13472CE-00A0-4B4D-8220-1C39318CF9B6}.Ad-Hoc|iPhone.ActiveCfg = Ad-Hoc|iPhone
		{D13472CE-00A0-4B4D-8220-1C39318CF9B6}.Ad-Hoc|iPhone.Build.0 = Ad-Hoc|iPhone
		{D13472CE-00A0-4B4D-8220-1C39318CF9B6}.Ad-Hoc|iPhoneSimulator.ActiveCfg = Ad-Hoc|iPhoneSimulator
		{D13472CE-00A0-4B4D-8220-1C39318CF9B6}.Ad-Hoc|iPhoneSimulator.Build.0 = Ad-Hoc|iPhoneSimulator
		{D13472CE-00A0-4B4D-8220-1C39318CF9B6}.Ad-Hoc|x64.ActiveCfg = Ad-Hoc|iPhone
		{D13472CE-00A0-4B4D-8220-1C39318CF9B6}.Ad-Hoc|x86.ActiveCfg = Ad-Hoc|iPhone
		{D13472CE-00A0-4B4D-8220-1C39318CF9B6}.AppStore|Any CPU.ActiveCfg = AppStore|iPhone
		{D13472CE-00A0-4B4D-8220-1C39318CF9B6}.AppStore|ARM.ActiveCfg = AppStore|iPhone
		{D13472CE-00A0-4B4D-8220-1C39318CF9B6}.AppStore|iPhone.ActiveCfg = AppStore|iPhone
		{D13472CE-00A0-4B4D-8220-1C39318CF9B6}.AppStore|iPhone.Build.0 = AppStore|iPhone
		{D13472CE-00A0-4B4D-8220-1C39318CF9B6}.AppStore|iPhoneSimulator.ActiveCfg = AppStore|iPhoneSimulator
		{D13472CE-00A0-4B4D-8220-1C39318CF9B6}.AppStore|iPhoneSimulator.Build.0 = AppStore|iPhoneSimulator
		{D13472CE-00A0-4B4D-8220-1C39318CF9B6}.AppStore|x64.ActiveCfg = AppStore|iPhone
		{D13472CE-00A0-4B4D-8220-1C39318CF9B6}.AppStore|x86.ActiveCfg = AppStore|iPhone
		{D13472CE-00A0-4B4D-8220-1C39318CF9B6}.Debug|Any CPU.ActiveCfg = Debug|iPhone
		{D13472CE-00A0-4B4D-8220-1C39318CF9B6}.Debug|ARM.ActiveCfg = Debug|iPhone
		{D13472CE-00A0-4B4D-8220-1C39318CF9B6}.Debug|iPhone.ActiveCfg = Debug|iPhone
		{D13472CE-00A0-4B4D-8220-1C39318CF9B6}.Debug|iPhone.Build.0 = Debug|iPhone
		{D13472CE-00A0-4B4D-8220-1C39318CF9B6}.Debug|iPhoneSimulator.ActiveCfg = Debug|iPhoneSimulator
		{D13472CE-00A0-4B4D-8220-1C39318CF9B6}.Debug|iPhoneSimulator.Build.0 = Debug|iPhoneSimulator
		{D13472CE-00A0-4B4D-8220-1C39318CF9B6}.Debug|x64.ActiveCfg = Debug|iPhone
		{D13472CE-00A0-4B4D-8220-1C39318CF9B6}.Debug|x86.ActiveCfg = Debug|iPhone
		{D13472CE-00A0-4B4D-8220-1C39318CF9B6}.Release|Any CPU.ActiveCfg = Release|iPhone
		{D13472CE-00A0-4B4D-8220-1C39318CF9B6}.Release|ARM.ActiveCfg = Release|iPhone
		{D13472CE-00A0-4B4D-8220-1C39318CF9B6}.Release|iPhone.ActiveCfg = Release|iPhone
		{D13472CE-00A0-4B4D-8220-1C39318CF9B6}.Release|iPhone.Build.0 = Release|iPhone
		{D13472CE-00A0-4B4D-8220-1C39318CF9B6}.Release|iPhoneSimulator.ActiveCfg = Release|iPhoneSimulator
		{D13472CE-00A0-4B4D-8220-1C39318CF9B6}.Release|iPhoneSimulator.Build.0 = Release|iPhoneSimulator
		{D13472CE-00A0-4B4D-8220-1C39318CF9B6}.Release|x64.ActiveCfg = Release|iPhone
		{D13472CE-00A0-4B4D-8220-1C39318CF9B6}.Release|x86.ActiveCfg = Release|iPhone
		{BF82CA0F-38EE-487B-A2DA-1D0180AFCB58}.Ad-Hoc|Any CPU.ActiveCfg = Release|Any CPU
		{BF82CA0F-38EE-487B-A2DA-1D0180AFCB58}.Ad-Hoc|Any CPU.Build.0 = Release|Any CPU
		{BF82CA0F-38EE-487B-A2DA-1D0180AFCB58}.Ad-Hoc|Any CPU.Deploy.0 = Release|Any CPU
		{BF82CA0F-38EE-487B-A2DA-1D0180AFCB58}.Ad-Hoc|ARM.ActiveCfg = Release|ARM
		{BF82CA0F-38EE-487B-A2DA-1D0180AFCB58}.Ad-Hoc|ARM.Build.0 = Release|ARM
		{BF82CA0F-38EE-487B-A2DA-1D0180AFCB58}.Ad-Hoc|ARM.Deploy.0 = Release|ARM
		{BF82CA0F-38EE-487B-A2DA-1D0180AFCB58}.Ad-Hoc|iPhone.ActiveCfg = Release|Any CPU
		{BF82CA0F-38EE-487B-A2DA-1D0180AFCB58}.Ad-Hoc|iPhone.Build.0 = Release|Any CPU
		{BF82CA0F-38EE-487B-A2DA-1D0180AFCB58}.Ad-Hoc|iPhone.Deploy.0 = Release|Any CPU
		{BF82CA0F-38EE-487B-A2DA-1D0180AFCB58}.Ad-Hoc|iPhoneSimulator.ActiveCfg = Release|Any CPU
		{BF82CA0F-38EE-487B-A2DA-1D0180AFCB58}.Ad-Hoc|iPhoneSimulator.Build.0 = Release|Any CPU
		{BF82CA0F-38EE-487B-A2DA-1D0180AFCB58}.Ad-Hoc|iPhoneSimulator.Deploy.0 = Release|Any CPU
		{BF82CA0F-38EE-487B-A2DA-1D0180AFCB58}.Ad-Hoc|x64.ActiveCfg = Release|Any CPU
		{BF82CA0F-38EE-487B-A2DA-1D0180AFCB58}.Ad-Hoc|x64.Build.0 = Release|Any CPU
		{BF82CA0F-38EE-487B-A2DA-1D0180AFCB58}.Ad-Hoc|x64.Deploy.0 = Release|Any CPU
		{BF82CA0F-38EE-487B-A2DA-1D0180AFCB58}.Ad-Hoc|x86.ActiveCfg = Release|x86
		{BF82CA0F-38EE-487B-A2DA-1D0180AFCB58}.Ad-Hoc|x86.Build.0 = Release|x86
		{BF82CA0F-38EE-487B-A2DA-1D0180AFCB58}.Ad-Hoc|x86.Deploy.0 = Release|x86
		{BF82CA0F-38EE-487B-A2DA-1D0180AFCB58}.AppStore|Any CPU.ActiveCfg = Release|Any CPU
		{BF82CA0F-38EE-487B-A2DA-1D0180AFCB58}.AppStore|Any CPU.Build.0 = Release|Any CPU
		{BF82CA0F-38EE-487B-A2DA-1D0180AFCB58}.AppStore|Any CPU.Deploy.0 = Release|Any CPU
		{BF82CA0F-38EE-487B-A2DA-1D0180AFCB58}.AppStore|ARM.ActiveCfg = Release|ARM
		{BF82CA0F-38EE-487B-A2DA-1D0180AFCB58}.AppStore|ARM.Build.0 = Release|ARM
		{BF82CA0F-38EE-487B-A2DA-1D0180AFCB58}.AppStore|ARM.Deploy.0 = Release|ARM
		{BF82CA0F-38EE-487B-A2DA-1D0180AFCB58}.AppStore|iPhone.ActiveCfg = Release|Any CPU
		{BF82CA0F-38EE-487B-A2DA-1D0180AFCB58}.AppStore|iPhone.Build.0 = Release|Any CPU
		{BF82CA0F-38EE-487B-A2DA-1D0180AFCB58}.AppStore|iPhone.Deploy.0 = Release|Any CPU
		{BF82CA0F-38EE-487B-A2DA-1D0180AFCB58}.AppStore|iPhoneSimulator.ActiveCfg = Release|Any CPU
		{BF82CA0F-38EE-487B-A2DA-1D0180AFCB58}.AppStore|iPhoneSimulator.Build.0 = Release|Any CPU
		{BF82CA0F-38EE-487B-A2DA-1D0180AFCB58}.AppStore|iPhoneSimulator.Deploy.0 = Release|Any CPU
		{BF82CA0F-38EE-487B-A2DA-1D0180AFCB58}.AppStore|x64.ActiveCfg = Release|Any CPU
		{BF82CA0F-38EE-487B-A2DA-1D0180AFCB58}.AppStore|x64.Build.0 = Release|Any CPU
		{BF82CA0F-38EE-487B-A2DA-1D0180AFCB58}.AppStore|x64.Deploy.0 = Release|Any CPU
		{BF82CA0F-38EE-487B-A2DA-1D0180AFCB58}.AppStore|x86.ActiveCfg = Release|x86
		{BF82CA0F-38EE-487B-A2DA-1D0180AFCB58}.AppStore|x86.Build.0 = Release|x86
		{BF82CA0F-38EE-487B-A2DA-1D0180AFCB58}.AppStore|x86.Deploy.0 = Release|x86
		{BF82CA0F-38EE-487B-A2DA-1D0180AFCB58}.Debug|Any CPU.ActiveCfg = Debug|Any CPU
		{BF82CA0F-38EE-487B-A2DA-1D0180AFCB58}.Debug|Any CPU.Build.0 = Debug|Any CPU
		{BF82CA0F-38EE-487B-A2DA-1D0180AFCB58}.Debug|Any CPU.Deploy.0 = Debug|Any CPU
		{BF82CA0F-38EE-487B-A2DA-1D0180AFCB58}.Debug|ARM.ActiveCfg = Debug|ARM
		{BF82CA0F-38EE-487B-A2DA-1D0180AFCB58}.Debug|ARM.Build.0 = Debug|ARM
		{BF82CA0F-38EE-487B-A2DA-1D0180AFCB58}.Debug|ARM.Deploy.0 = Debug|ARM
		{BF82CA0F-38EE-487B-A2DA-1D0180AFCB58}.Debug|iPhone.ActiveCfg = Debug|Any CPU
		{BF82CA0F-38EE-487B-A2DA-1D0180AFCB58}.Debug|iPhone.Build.0 = Debug|Any CPU
		{BF82CA0F-38EE-487B-A2DA-1D0180AFCB58}.Debug|iPhone.Deploy.0 = Debug|Any CPU
		{BF82CA0F-38EE-487B-A2DA-1D0180AFCB58}.Debug|iPhoneSimulator.ActiveCfg = Debug|Any CPU
		{BF82CA0F-38EE-487B-A2DA-1D0180AFCB58}.Debug|iPhoneSimulator.Build.0 = Debug|Any CPU
		{BF82CA0F-38EE-487B-A2DA-1D0180AFCB58}.Debug|iPhoneSimulator.Deploy.0 = Debug|Any CPU
		{BF82CA0F-38EE-487B-A2DA-1D0180AFCB58}.Debug|x64.ActiveCfg = Debug|Any CPU
		{BF82CA0F-38EE-487B-A2DA-1D0180AFCB58}.Debug|x64.Build.0 = Debug|Any CPU
		{BF82CA0F-38EE-487B-A2DA-1D0180AFCB58}.Debug|x64.Deploy.0 = Debug|Any CPU
		{BF82CA0F-38EE-487B-A2DA-1D0180AFCB58}.Debug|x86.ActiveCfg = Debug|x86
		{BF82CA0F-38EE-487B-A2DA-1D0180AFCB58}.Debug|x86.Build.0 = Debug|x86
		{BF82CA0F-38EE-487B-A2DA-1D0180AFCB58}.Debug|x86.Deploy.0 = Debug|x86
		{BF82CA0F-38EE-487B-A2DA-1D0180AFCB58}.Release|Any CPU.ActiveCfg = Release|Any CPU
		{BF82CA0F-38EE-487B-A2DA-1D0180AFCB58}.Release|Any CPU.Build.0 = Release|Any CPU
		{BF82CA0F-38EE-487B-A2DA-1D0180AFCB58}.Release|Any CPU.Deploy.0 = Release|Any CPU
		{BF82CA0F-38EE-487B-A2DA-1D0180AFCB58}.Release|ARM.ActiveCfg = Release|ARM
		{BF82CA0F-38EE-487B-A2DA-1D0180AFCB58}.Release|ARM.Build.0 = Release|ARM
		{BF82CA0F-38EE-487B-A2DA-1D0180AFCB58}.Release|ARM.Deploy.0 = Release|ARM
		{BF82CA0F-38EE-487B-A2DA-1D0180AFCB58}.Release|iPhone.ActiveCfg = Release|Any CPU
		{BF82CA0F-38EE-487B-A2DA-1D0180AFCB58}.Release|iPhone.Build.0 = Release|Any CPU
		{BF82CA0F-38EE-487B-A2DA-1D0180AFCB58}.Release|iPhone.Deploy.0 = Release|Any CPU
		{BF82CA0F-38EE-487B-A2DA-1D0180AFCB58}.Release|iPhoneSimulator.ActiveCfg = Release|Any CPU
		{BF82CA0F-38EE-487B-A2DA-1D0180AFCB58}.Release|iPhoneSimulator.Build.0 = Release|Any CPU
		{BF82CA0F-38EE-487B-A2DA-1D0180AFCB58}.Release|iPhoneSimulator.Deploy.0 = Release|Any CPU
		{BF82CA0F-38EE-487B-A2DA-1D0180AFCB58}.Release|x64.ActiveCfg = Release|Any CPU
		{BF82CA0F-38EE-487B-A2DA-1D0180AFCB58}.Release|x64.Build.0 = Release|Any CPU
		{BF82CA0F-38EE-487B-A2DA-1D0180AFCB58}.Release|x64.Deploy.0 = Release|Any CPU
		{BF82CA0F-38EE-487B-A2DA-1D0180AFCB58}.Release|x86.ActiveCfg = Release|x86
		{BF82CA0F-38EE-487B-A2DA-1D0180AFCB58}.Release|x86.Build.0 = Release|x86
		{BF82CA0F-38EE-487B-A2DA-1D0180AFCB58}.Release|x86.Deploy.0 = Release|x86
		{9922BE2D-2537-4F33-BEEA-F4C9240EE965}.Ad-Hoc|Any CPU.ActiveCfg = Release|x86
		{9922BE2D-2537-4F33-BEEA-F4C9240EE965}.Ad-Hoc|Any CPU.Build.0 = Release|x86
		{9922BE2D-2537-4F33-BEEA-F4C9240EE965}.Ad-Hoc|Any CPU.Deploy.0 = Release|x86
		{9922BE2D-2537-4F33-BEEA-F4C9240EE965}.Ad-Hoc|ARM.ActiveCfg = Release|ARM
		{9922BE2D-2537-4F33-BEEA-F4C9240EE965}.Ad-Hoc|ARM.Build.0 = Release|ARM
		{9922BE2D-2537-4F33-BEEA-F4C9240EE965}.Ad-Hoc|ARM.Deploy.0 = Release|ARM
		{9922BE2D-2537-4F33-BEEA-F4C9240EE965}.Ad-Hoc|iPhone.ActiveCfg = Release|x86
		{9922BE2D-2537-4F33-BEEA-F4C9240EE965}.Ad-Hoc|iPhone.Build.0 = Release|x86
		{9922BE2D-2537-4F33-BEEA-F4C9240EE965}.Ad-Hoc|iPhone.Deploy.0 = Release|x86
		{9922BE2D-2537-4F33-BEEA-F4C9240EE965}.Ad-Hoc|iPhoneSimulator.ActiveCfg = Release|x86
		{9922BE2D-2537-4F33-BEEA-F4C9240EE965}.Ad-Hoc|iPhoneSimulator.Build.0 = Release|x86
		{9922BE2D-2537-4F33-BEEA-F4C9240EE965}.Ad-Hoc|iPhoneSimulator.Deploy.0 = Release|x86
		{9922BE2D-2537-4F33-BEEA-F4C9240EE965}.Ad-Hoc|x64.ActiveCfg = Release|x64
		{9922BE2D-2537-4F33-BEEA-F4C9240EE965}.Ad-Hoc|x64.Build.0 = Release|x64
		{9922BE2D-2537-4F33-BEEA-F4C9240EE965}.Ad-Hoc|x64.Deploy.0 = Release|x64
		{9922BE2D-2537-4F33-BEEA-F4C9240EE965}.Ad-Hoc|x86.ActiveCfg = Release|x86
		{9922BE2D-2537-4F33-BEEA-F4C9240EE965}.Ad-Hoc|x86.Build.0 = Release|x86
		{9922BE2D-2537-4F33-BEEA-F4C9240EE965}.Ad-Hoc|x86.Deploy.0 = Release|x86
		{9922BE2D-2537-4F33-BEEA-F4C9240EE965}.AppStore|Any CPU.ActiveCfg = Release|x86
		{9922BE2D-2537-4F33-BEEA-F4C9240EE965}.AppStore|Any CPU.Build.0 = Release|x86
		{9922BE2D-2537-4F33-BEEA-F4C9240EE965}.AppStore|Any CPU.Deploy.0 = Release|x86
		{9922BE2D-2537-4F33-BEEA-F4C9240EE965}.AppStore|ARM.ActiveCfg = Release|ARM
		{9922BE2D-2537-4F33-BEEA-F4C9240EE965}.AppStore|ARM.Build.0 = Release|ARM
		{9922BE2D-2537-4F33-BEEA-F4C9240EE965}.AppStore|ARM.Deploy.0 = Release|ARM
		{9922BE2D-2537-4F33-BEEA-F4C9240EE965}.AppStore|iPhone.ActiveCfg = Release|x86
		{9922BE2D-2537-4F33-BEEA-F4C9240EE965}.AppStore|iPhone.Build.0 = Release|x86
		{9922BE2D-2537-4F33-BEEA-F4C9240EE965}.AppStore|iPhone.Deploy.0 = Release|x86
		{9922BE2D-2537-4F33-BEEA-F4C9240EE965}.AppStore|iPhoneSimulator.ActiveCfg = Release|x86
		{9922BE2D-2537-4F33-BEEA-F4C9240EE965}.AppStore|iPhoneSimulator.Build.0 = Release|x86
		{9922BE2D-2537-4F33-BEEA-F4C9240EE965}.AppStore|iPhoneSimulator.Deploy.0 = Release|x86
		{9922BE2D-2537-4F33-BEEA-F4C9240EE965}.AppStore|x64.ActiveCfg = Release|x64
		{9922BE2D-2537-4F33-BEEA-F4C9240EE965}.AppStore|x64.Build.0 = Release|x64
		{9922BE2D-2537-4F33-BEEA-F4C9240EE965}.AppStore|x64.Deploy.0 = Release|x64
		{9922BE2D-2537-4F33-BEEA-F4C9240EE965}.AppStore|x86.ActiveCfg = Release|x86
		{9922BE2D-2537-4F33-BEEA-F4C9240EE965}.AppStore|x86.Build.0 = Release|x86
		{9922BE2D-2537-4F33-BEEA-F4C9240EE965}.AppStore|x86.Deploy.0 = Release|x86
		{9922BE2D-2537-4F33-BEEA-F4C9240EE965}.Debug|Any CPU.ActiveCfg = Debug|x86
		{9922BE2D-2537-4F33-BEEA-F4C9240EE965}.Debug|ARM.ActiveCfg = Debug|ARM
		{9922BE2D-2537-4F33-BEEA-F4C9240EE965}.Debug|ARM.Build.0 = Debug|ARM
		{9922BE2D-2537-4F33-BEEA-F4C9240EE965}.Debug|ARM.Deploy.0 = Debug|ARM
		{9922BE2D-2537-4F33-BEEA-F4C9240EE965}.Debug|iPhone.ActiveCfg = Debug|x86
		{9922BE2D-2537-4F33-BEEA-F4C9240EE965}.Debug|iPhoneSimulator.ActiveCfg = Debug|x86
		{9922BE2D-2537-4F33-BEEA-F4C9240EE965}.Debug|x64.ActiveCfg = Debug|x64
		{9922BE2D-2537-4F33-BEEA-F4C9240EE965}.Debug|x64.Build.0 = Debug|x64
		{9922BE2D-2537-4F33-BEEA-F4C9240EE965}.Debug|x64.Deploy.0 = Debug|x64
		{9922BE2D-2537-4F33-BEEA-F4C9240EE965}.Debug|x86.ActiveCfg = Debug|x86
		{9922BE2D-2537-4F33-BEEA-F4C9240EE965}.Debug|x86.Build.0 = Debug|x86
		{9922BE2D-2537-4F33-BEEA-F4C9240EE965}.Debug|x86.Deploy.0 = Debug|x86
		{9922BE2D-2537-4F33-BEEA-F4C9240EE965}.Release|Any CPU.ActiveCfg = Release|x86
		{9922BE2D-2537-4F33-BEEA-F4C9240EE965}.Release|ARM.ActiveCfg = Release|ARM
		{9922BE2D-2537-4F33-BEEA-F4C9240EE965}.Release|ARM.Build.0 = Release|ARM
		{9922BE2D-2537-4F33-BEEA-F4C9240EE965}.Release|ARM.Deploy.0 = Release|ARM
		{9922BE2D-2537-4F33-BEEA-F4C9240EE965}.Release|iPhone.ActiveCfg = Release|x86
		{9922BE2D-2537-4F33-BEEA-F4C9240EE965}.Release|iPhoneSimulator.ActiveCfg = Release|x86
		{9922BE2D-2537-4F33-BEEA-F4C9240EE965}.Release|x64.ActiveCfg = Release|x64
		{9922BE2D-2537-4F33-BEEA-F4C9240EE965}.Release|x64.Build.0 = Release|x64
		{9922BE2D-2537-4F33-BEEA-F4C9240EE965}.Release|x64.Deploy.0 = Release|x64
		{9922BE2D-2537-4F33-BEEA-F4C9240EE965}.Release|x86.ActiveCfg = Release|x86
		{9922BE2D-2537-4F33-BEEA-F4C9240EE965}.Release|x86.Build.0 = Release|x86
		{9922BE2D-2537-4F33-BEEA-F4C9240EE965}.Release|x86.Deploy.0 = Release|x86
		{0CCC0CA0-6F0E-4E10-9885-F192FE7E40D8}.Ad-Hoc|Any CPU.ActiveCfg = Release|Any CPU
		{0CCC0CA0-6F0E-4E10-9885-F192FE7E40D8}.Ad-Hoc|Any CPU.Build.0 = Release|Any CPU
		{0CCC0CA0-6F0E-4E10-9885-F192FE7E40D8}.Ad-Hoc|Any CPU.Deploy.0 = Release|Any CPU
		{0CCC0CA0-6F0E-4E10-9885-F192FE7E40D8}.Ad-Hoc|ARM.ActiveCfg = Release|ARM
		{0CCC0CA0-6F0E-4E10-9885-F192FE7E40D8}.Ad-Hoc|ARM.Build.0 = Release|ARM
		{0CCC0CA0-6F0E-4E10-9885-F192FE7E40D8}.Ad-Hoc|ARM.Deploy.0 = Release|ARM
		{0CCC0CA0-6F0E-4E10-9885-F192FE7E40D8}.Ad-Hoc|iPhone.ActiveCfg = Release|Any CPU
		{0CCC0CA0-6F0E-4E10-9885-F192FE7E40D8}.Ad-Hoc|iPhone.Build.0 = Release|Any CPU
		{0CCC0CA0-6F0E-4E10-9885-F192FE7E40D8}.Ad-Hoc|iPhone.Deploy.0 = Release|Any CPU
		{0CCC0CA0-6F0E-4E10-9885-F192FE7E40D8}.Ad-Hoc|iPhoneSimulator.ActiveCfg = Release|Any CPU
		{0CCC0CA0-6F0E-4E10-9885-F192FE7E40D8}.Ad-Hoc|iPhoneSimulator.Build.0 = Release|Any CPU
		{0CCC0CA0-6F0E-4E10-9885-F192FE7E40D8}.Ad-Hoc|iPhoneSimulator.Deploy.0 = Release|Any CPU
		{0CCC0CA0-6F0E-4E10-9885-F192FE7E40D8}.Ad-Hoc|x64.ActiveCfg = Release|x64
		{0CCC0CA0-6F0E-4E10-9885-F192FE7E40D8}.Ad-Hoc|x64.Build.0 = Release|x64
		{0CCC0CA0-6F0E-4E10-9885-F192FE7E40D8}.Ad-Hoc|x64.Deploy.0 = Release|x64
		{0CCC0CA0-6F0E-4E10-9885-F192FE7E40D8}.Ad-Hoc|x86.ActiveCfg = Release|x86
		{0CCC0CA0-6F0E-4E10-9885-F192FE7E40D8}.Ad-Hoc|x86.Build.0 = Release|x86
		{0CCC0CA0-6F0E-4E10-9885-F192FE7E40D8}.Ad-Hoc|x86.Deploy.0 = Release|x86
		{0CCC0CA0-6F0E-4E10-9885-F192FE7E40D8}.AppStore|Any CPU.ActiveCfg = Release|Any CPU
		{0CCC0CA0-6F0E-4E10-9885-F192FE7E40D8}.AppStore|Any CPU.Build.0 = Release|Any CPU
		{0CCC0CA0-6F0E-4E10-9885-F192FE7E40D8}.AppStore|Any CPU.Deploy.0 = Release|Any CPU
		{0CCC0CA0-6F0E-4E10-9885-F192FE7E40D8}.AppStore|ARM.ActiveCfg = Release|ARM
		{0CCC0CA0-6F0E-4E10-9885-F192FE7E40D8}.AppStore|ARM.Build.0 = Release|ARM
		{0CCC0CA0-6F0E-4E10-9885-F192FE7E40D8}.AppStore|ARM.Deploy.0 = Release|ARM
		{0CCC0CA0-6F0E-4E10-9885-F192FE7E40D8}.AppStore|iPhone.ActiveCfg = Release|Any CPU
		{0CCC0CA0-6F0E-4E10-9885-F192FE7E40D8}.AppStore|iPhone.Build.0 = Release|Any CPU
		{0CCC0CA0-6F0E-4E10-9885-F192FE7E40D8}.AppStore|iPhone.Deploy.0 = Release|Any CPU
		{0CCC0CA0-6F0E-4E10-9885-F192FE7E40D8}.AppStore|iPhoneSimulator.ActiveCfg = Release|Any CPU
		{0CCC0CA0-6F0E-4E10-9885-F192FE7E40D8}.AppStore|iPhoneSimulator.Build.0 = Release|Any CPU
		{0CCC0CA0-6F0E-4E10-9885-F192FE7E40D8}.AppStore|iPhoneSimulator.Deploy.0 = Release|Any CPU
		{0CCC0CA0-6F0E-4E10-9885-F192FE7E40D8}.AppStore|x64.ActiveCfg = Release|x64
		{0CCC0CA0-6F0E-4E10-9885-F192FE7E40D8}.AppStore|x64.Build.0 = Release|x64
		{0CCC0CA0-6F0E-4E10-9885-F192FE7E40D8}.AppStore|x64.Deploy.0 = Release|x64
		{0CCC0CA0-6F0E-4E10-9885-F192FE7E40D8}.AppStore|x86.ActiveCfg = Release|x86
		{0CCC0CA0-6F0E-4E10-9885-F192FE7E40D8}.AppStore|x86.Build.0 = Release|x86
		{0CCC0CA0-6F0E-4E10-9885-F192FE7E40D8}.AppStore|x86.Deploy.0 = Release|x86
		{0CCC0CA0-6F0E-4E10-9885-F192FE7E40D8}.Debug|Any CPU.ActiveCfg = Debug|Any CPU
		{0CCC0CA0-6F0E-4E10-9885-F192FE7E40D8}.Debug|Any CPU.Build.0 = Debug|Any CPU
		{0CCC0CA0-6F0E-4E10-9885-F192FE7E40D8}.Debug|Any CPU.Deploy.0 = Debug|Any CPU
		{0CCC0CA0-6F0E-4E10-9885-F192FE7E40D8}.Debug|ARM.ActiveCfg = Debug|ARM
		{0CCC0CA0-6F0E-4E10-9885-F192FE7E40D8}.Debug|ARM.Build.0 = Debug|ARM
		{0CCC0CA0-6F0E-4E10-9885-F192FE7E40D8}.Debug|ARM.Deploy.0 = Debug|ARM
		{0CCC0CA0-6F0E-4E10-9885-F192FE7E40D8}.Debug|iPhone.ActiveCfg = Debug|Any CPU
		{0CCC0CA0-6F0E-4E10-9885-F192FE7E40D8}.Debug|iPhone.Build.0 = Debug|Any CPU
		{0CCC0CA0-6F0E-4E10-9885-F192FE7E40D8}.Debug|iPhone.Deploy.0 = Debug|Any CPU
		{0CCC0CA0-6F0E-4E10-9885-F192FE7E40D8}.Debug|iPhoneSimulator.ActiveCfg = Debug|Any CPU
		{0CCC0CA0-6F0E-4E10-9885-F192FE7E40D8}.Debug|iPhoneSimulator.Build.0 = Debug|Any CPU
		{0CCC0CA0-6F0E-4E10-9885-F192FE7E40D8}.Debug|iPhoneSimulator.Deploy.0 = Debug|Any CPU
		{0CCC0CA0-6F0E-4E10-9885-F192FE7E40D8}.Debug|x64.ActiveCfg = Debug|x64
		{0CCC0CA0-6F0E-4E10-9885-F192FE7E40D8}.Debug|x64.Build.0 = Debug|x64
		{0CCC0CA0-6F0E-4E10-9885-F192FE7E40D8}.Debug|x64.Deploy.0 = Debug|x64
		{0CCC0CA0-6F0E-4E10-9885-F192FE7E40D8}.Debug|x86.ActiveCfg = Debug|x86
		{0CCC0CA0-6F0E-4E10-9885-F192FE7E40D8}.Debug|x86.Build.0 = Debug|x86
		{0CCC0CA0-6F0E-4E10-9885-F192FE7E40D8}.Debug|x86.Deploy.0 = Debug|x86
		{0CCC0CA0-6F0E-4E10-9885-F192FE7E40D8}.Release|Any CPU.ActiveCfg = Release|Any CPU
		{0CCC0CA0-6F0E-4E10-9885-F192FE7E40D8}.Release|Any CPU.Build.0 = Release|Any CPU
		{0CCC0CA0-6F0E-4E10-9885-F192FE7E40D8}.Release|Any CPU.Deploy.0 = Release|Any CPU
		{0CCC0CA0-6F0E-4E10-9885-F192FE7E40D8}.Release|ARM.ActiveCfg = Release|ARM
		{0CCC0CA0-6F0E-4E10-9885-F192FE7E40D8}.Release|ARM.Build.0 = Release|ARM
		{0CCC0CA0-6F0E-4E10-9885-F192FE7E40D8}.Release|ARM.Deploy.0 = Release|ARM
		{0CCC0CA0-6F0E-4E10-9885-F192FE7E40D8}.Release|iPhone.ActiveCfg = Release|Any CPU
		{0CCC0CA0-6F0E-4E10-9885-F192FE7E40D8}.Release|iPhone.Build.0 = Release|Any CPU
		{0CCC0CA0-6F0E-4E10-9885-F192FE7E40D8}.Release|iPhone.Deploy.0 = Release|Any CPU
		{0CCC0CA0-6F0E-4E10-9885-F192FE7E40D8}.Release|iPhoneSimulator.ActiveCfg = Release|Any CPU
		{0CCC0CA0-6F0E-4E10-9885-F192FE7E40D8}.Release|iPhoneSimulator.Build.0 = Release|Any CPU
		{0CCC0CA0-6F0E-4E10-9885-F192FE7E40D8}.Release|iPhoneSimulator.Deploy.0 = Release|Any CPU
		{0CCC0CA0-6F0E-4E10-9885-F192FE7E40D8}.Release|x64.ActiveCfg = Release|x64
		{0CCC0CA0-6F0E-4E10-9885-F192FE7E40D8}.Release|x64.Build.0 = Release|x64
		{0CCC0CA0-6F0E-4E10-9885-F192FE7E40D8}.Release|x64.Deploy.0 = Release|x64
		{0CCC0CA0-6F0E-4E10-9885-F192FE7E40D8}.Release|x86.ActiveCfg = Release|x86
		{0CCC0CA0-6F0E-4E10-9885-F192FE7E40D8}.Release|x86.Build.0 = Release|x86
		{0CCC0CA0-6F0E-4E10-9885-F192FE7E40D8}.Release|x86.Deploy.0 = Release|x86
	EndGlobalSection
	GlobalSection(SolutionProperties) = preSolution
		HideSolutionNode = FALSE
	EndGlobalSection
EndGlobal
